# This file is autogenerated, do not edit; changes may be undone by the next 'dep ensure'.


[[projects]]
  branch = "master"
  name = "github.com/lafin/go-httpclient"
  packages = ["."]
  revision = "a79f0d18be1cc85943acd2f799ca384d25a2ef38"

[[projects]]
  branch = "master"
  name = "github.com/lafin/vk"
  packages = ["."]
  revision = "cd573131b742d8bab99dfb316d98bf0faf905350"

[solve-meta]
  analyzer-name = "dep"
  analyzer-version = 1
  inputs-digest = "a7669a59f3bcd28196497a5a14044b478bf917db70fbd04e49e94c54a57f62f9"
  solver-name = "gps-cdcl"
  solver-version = 1
